
Microsoft Visual Studio Solution File, Format Version 12.00
# Visual Studio Version 16
VisualStudioVersion = 16.0.31911.196
MinimumVisualStudioVersion = 10.0.40219.1
Project("{FAE04EC0-301F-11D3-BF4B-00C04F79EFBC}") = "ChorseBackend", "ChorseBackend\ChorseBackend.csproj", "{747597F7-1BBB-47CF-91D9-53EB62A65E1E}"
EndProject
Global
	GlobalSection(SolutionConfigurationPlatforms) = preSolution
		Debug|Any CPU = Debug|Any CPU
		Release|Any CPU = Release|Any CPU
	EndGlobalSection
	GlobalSection(ProjectConfigurationPlatforms) = postSolution
		{747597F7-1BBB-47CF-91D9-53EB62A65E1E}.Debug|Any CPU.ActiveCfg = Debug|Any CPU
		{747597F7-1BBB-47CF-91D9-53EB62A65E1E}.Debug|Any CPU.Build.0 = Debug|Any CPU
		{747597F7-1BBB-47CF-91D9-53EB62A65E1E}.Release|Any CPU.ActiveCfg = Release|Any CPU
		{747597F7-1BBB-47CF-91D9-53EB62A65E1E}.Release|Any CPU.Build.0 = Release|Any CPU
	EndGlobalSection
	GlobalSection(SolutionProperties) = preSolution
		HideSolutionNode = FALSE
	EndGlobalSection
	GlobalSection(ExtensibilityGlobals) = postSolution
		SolutionGuid = {E25C004B-431F-4607-9A74-F5C91508D42D}
	EndGlobalSection
EndGlobal
